
Microsoft Visual Studio Solution File, Format Version 12.00
# Visual Studio Version 17
VisualStudioVersion = 17.5.33530.505
MinimumVisualStudioVersion = 10.0.40219.1
Project("{FAE04EC0-301F-11D3-BF4B-00C04F79EFBC}") = "Aula2", "Aula2\Aula2.csproj", "{4D0C6116-46B0-4B12-9E57-5C149C0F7CB9}"
EndProject
Global
	GlobalSection(SolutionConfigurationPlatforms) = preSolution
		Debug|Any CPU = Debug|Any CPU
		Release|Any CPU = Release|Any CPU
	EndGlobalSection
	GlobalSection(ProjectConfigurationPlatforms) = postSolution
		{4D0C6116-46B0-4B12-9E57-5C149C0F7CB9}.Debug|Any CPU.ActiveCfg = Debug|Any CPU
		{4D0C6116-46B0-4B12-9E57-5C149C0F7CB9}.Debug|Any CPU.Build.0 = Debug|Any CPU
		{4D0C6116-46B0-4B12-9E57-5C149C0F7CB9}.Release|Any CPU.ActiveCfg = Release|Any CPU
		{4D0C6116-46B0-4B12-9E57-5C149C0F7CB9}.Release|Any CPU.Build.0 = Release|Any CPU
	EndGlobalSection
	GlobalSection(SolutionProperties) = preSolution
		HideSolutionNode = FALSE
	EndGlobalSection
	GlobalSection(ExtensibilityGlobals) = postSolution
		SolutionGuid = {068D9A39-73F6-419A-BBC6-B9EF4F24A5C2}
	EndGlobalSection
EndGlobal
